{
  "nodes": {
    "flake-utils": {
      "locked": {
        "lastModified": 1652776076,
        "narHash": "sha256-gzTw/v1vj4dOVbpBSJX4J0DwUR6LIyXo7/SuuTJp1kM=",
        "owner": "numtide",
        "repo": "flake-utils",
        "rev": "04c1b180862888302ddfb2e3ad9eaa63afc60cf8",
        "type": "github"
      },
      "original": {
        "owner": "numtide",
        "ref": "v1.0.0",
        "repo": "flake-utils",
        "type": "github"
      }
    },
    "nixos": {
      "locked": {
        "lastModified": 1692311310,
        "narHash": "sha256-K3VAwgGl7BnoAbDp6qNoCiE2TRuF7j/3nUao57hfh6U=",
        "owner": "NixOS",
        "repo": "nixpkgs",
        "rev": "53baed0863ff7df14b14444b779ddfaa80621f1a",
        "type": "github"
      },
      "original": {
        "owner": "NixOS",
        "ref": "nixos-23.05",
        "repo": "nixpkgs",
        "type": "github"
      }
    },
    "pythoneda-shared-artifact-events": {
      "inputs": {
        "flake-utils": [
          "pythoneda-shared-pythoneda-application",
          "pythoneda-shared-artifact-shared",
          "flake-utils"
        ],
        "nixos": [
          "pythoneda-shared-pythoneda-application",
          "pythoneda-shared-artifact-shared",
          "nixos"
        ],
        "pythoneda-shared-pythoneda-banner": [
          "pythoneda-shared-pythoneda-application",
          "pythoneda-shared-artifact-shared",
          "pythoneda-shared-pythoneda-banner"
        ],
        "pythoneda-shared-pythoneda-domain": [
          "pythoneda-shared-pythoneda-application",
          "pythoneda-shared-artifact-shared",
          "pythoneda-shared-pythoneda-domain"
        ]
      },
      "locked": {
        "lastModified": 1700547180,
        "narHash": "sha256-VkwCfBJyoFMjJWa6ju0LAxzu5oM/M0BhIxOb68FUejo=",
        "owner": "pythoneda-shared-artifact-def",
        "repo": "events",
        "rev": "1052cdb592a160efb7ca3bcabfbdb9dba9387f31",
        "type": "github"
      },
      "original": {
        "owner": "pythoneda-shared-artifact-def",
        "ref": "0.0.8",
        "repo": "events",
        "type": "github"
      }
    },
    "pythoneda-shared-artifact-shared": {
      "inputs": {
        "flake-utils": [
          "pythoneda-shared-pythoneda-application",
          "flake-utils"
        ],
        "nixos": [
          "pythoneda-shared-pythoneda-application",
          "nixos"
        ],
        "pythoneda-shared-artifact-events": "pythoneda-shared-artifact-events",
        "pythoneda-shared-git-shared": "pythoneda-shared-git-shared_3",
        "pythoneda-shared-nix-flake-shared": "pythoneda-shared-nix-flake-shared_2",
        "pythoneda-shared-pythoneda-banner": [
          "pythoneda-shared-pythoneda-application",
          "pythoneda-shared-pythoneda-banner"
        ],
        "pythoneda-shared-pythoneda-domain": [
          "pythoneda-shared-pythoneda-application",
          "pythoneda-shared-pythoneda-domain"
        ]
      },
      "locked": {
        "lastModified": 1700548380,
        "narHash": "sha256-DmXAyJd+53J9dIjU9uktACiuhNDCJ2eSdvDdIl+v6EQ=",
        "owner": "pythoneda-shared-artifact-def",
        "repo": "shared",
        "rev": "10c18ae481d065ed70c649cc19d6a9a621fa9dd3",
        "type": "github"
      },
      "original": {
        "owner": "pythoneda-shared-artifact-def",
        "ref": "0.0.10",
        "repo": "shared",
        "type": "github"
      }
    },
    "pythoneda-shared-git-shared": {
      "inputs": {
        "flake-utils": [
          "flake-utils"
        ],
        "nixos": [
          "nixos"
        ],
        "pythoneda-shared-pythoneda-banner": [
          "pythoneda-shared-pythoneda-banner"
        ],
        "pythoneda-shared-pythoneda-domain": [
          "pythoneda-shared-pythoneda-domain"
        ]
      },
      "locked": {
        "lastModified": 1700547652,
        "narHash": "sha256-ckFBTFUobD+Y9hLqZCYdisVoDJqTofWk460n8NA2On8=",
        "owner": "pythoneda-shared-git-def",
        "repo": "shared",
        "rev": "77c665d572a62983941bf96e63622d00d591211f",
        "type": "github"
      },
      "original": {
        "owner": "pythoneda-shared-git-def",
        "ref": "0.0.6",
        "repo": "shared",
        "type": "github"
      }
    },
    "pythoneda-shared-git-shared_2": {
      "inputs": {
        "flake-utils": [
          "pythoneda-shared-nix-flake-shared",
          "flake-utils"
        ],
        "nixos": [
          "pythoneda-shared-nix-flake-shared",
          "nixos"
        ],
        "pythoneda-shared-pythoneda-banner": [
          "pythoneda-shared-nix-flake-shared",
          "pythoneda-shared-pythoneda-banner"
        ],
        "pythoneda-shared-pythoneda-domain": [
          "pythoneda-shared-nix-flake-shared",
          "pythoneda-shared-pythoneda-domain"
        ]
      },
      "locked": {
        "lastModified": 1700547652,
        "narHash": "sha256-ckFBTFUobD+Y9hLqZCYdisVoDJqTofWk460n8NA2On8=",
        "owner": "pythoneda-shared-git-def",
        "repo": "shared",
        "rev": "77c665d572a62983941bf96e63622d00d591211f",
        "type": "github"
      },
      "original": {
        "owner": "pythoneda-shared-git-def",
        "ref": "0.0.6",
        "repo": "shared",
        "type": "github"
      }
    },
    "pythoneda-shared-git-shared_3": {
      "inputs": {
        "flake-utils": [
          "pythoneda-shared-pythoneda-application",
          "pythoneda-shared-artifact-shared",
          "flake-utils"
        ],
        "nixos": [
          "pythoneda-shared-pythoneda-application",
          "pythoneda-shared-artifact-shared",
          "nixos"
        ],
        "pythoneda-shared-pythoneda-banner": [
          "pythoneda-shared-pythoneda-application",
          "pythoneda-shared-artifact-shared",
          "pythoneda-shared-pythoneda-banner"
        ],
        "pythoneda-shared-pythoneda-domain": [
          "pythoneda-shared-pythoneda-application",
          "pythoneda-shared-artifact-shared",
          "pythoneda-shared-pythoneda-domain"
        ]
      },
      "locked": {
        "lastModified": 1700547652,
        "narHash": "sha256-ckFBTFUobD+Y9hLqZCYdisVoDJqTofWk460n8NA2On8=",
        "owner": "pythoneda-shared-git-def",
        "repo": "shared",
        "rev": "77c665d572a62983941bf96e63622d00d591211f",
        "type": "github"
      },
      "original": {
        "owner": "pythoneda-shared-git-def",
        "ref": "0.0.6",
        "repo": "shared",
        "type": "github"
      }
    },
    "pythoneda-shared-git-shared_4": {
      "inputs": {
        "flake-utils": [
          "pythoneda-shared-pythoneda-application",
          "pythoneda-shared-artifact-shared",
          "pythoneda-shared-nix-flake-shared",
          "flake-utils"
        ],
        "nixos": [
          "pythoneda-shared-pythoneda-application",
          "pythoneda-shared-artifact-shared",
          "pythoneda-shared-nix-flake-shared",
          "nixos"
        ],
        "pythoneda-shared-pythoneda-banner": [
          "pythoneda-shared-pythoneda-application",
          "pythoneda-shared-artifact-shared",
          "pythoneda-shared-nix-flake-shared",
          "pythoneda-shared-pythoneda-banner"
        ],
        "pythoneda-shared-pythoneda-domain": [
          "pythoneda-shared-pythoneda-application",
          "pythoneda-shared-artifact-shared",
          "pythoneda-shared-nix-flake-shared",
          "pythoneda-shared-pythoneda-domain"
        ]
      },
      "locked": {
        "lastModified": 1700547652,
        "narHash": "sha256-ckFBTFUobD+Y9hLqZCYdisVoDJqTofWk460n8NA2On8=",
        "owner": "pythoneda-shared-git-def",
        "repo": "shared",
        "rev": "77c665d572a62983941bf96e63622d00d591211f",
        "type": "github"
      },
      "original": {
        "owner": "pythoneda-shared-git-def",
        "ref": "0.0.6",
        "repo": "shared",
        "type": "github"
      }
    },
    "pythoneda-shared-nix-flake-shared": {
      "inputs": {
        "flake-utils": [
          "flake-utils"
        ],
        "nixos": [
          "nixos"
        ],
        "pythoneda-shared-git-shared": "pythoneda-shared-git-shared_2",
        "pythoneda-shared-pythoneda-banner": [
          "pythoneda-shared-pythoneda-banner"
        ],
        "pythoneda-shared-pythoneda-domain": [
          "pythoneda-shared-pythoneda-domain"
        ],
        "stringtemplate3": "stringtemplate3"
      },
      "locked": {
        "lastModified": 1700547945,
        "narHash": "sha256-X2NHoW8o2S/Ly5TV+FEX/hsczUym4ywuGv5i7ETPEUg=",
        "owner": "pythoneda-shared-nix-flake-def",
        "repo": "shared",
        "rev": "52f9b847dc032d3da5871006a43c50e6a3f96bb9",
        "type": "github"
      },
      "original": {
        "owner": "pythoneda-shared-nix-flake-def",
        "ref": "0.0.8",
        "repo": "shared",
        "type": "github"
      }
    },
    "pythoneda-shared-nix-flake-shared_2": {
      "inputs": {
        "flake-utils": [
          "pythoneda-shared-pythoneda-application",
          "pythoneda-shared-artifact-shared",
          "flake-utils"
        ],
        "nixos": [
          "pythoneda-shared-pythoneda-application",
          "pythoneda-shared-artifact-shared",
          "nixos"
        ],
        "pythoneda-shared-git-shared": "pythoneda-shared-git-shared_4",
        "pythoneda-shared-pythoneda-banner": [
          "pythoneda-shared-pythoneda-application",
          "pythoneda-shared-artifact-shared",
          "pythoneda-shared-pythoneda-banner"
        ],
        "pythoneda-shared-pythoneda-domain": [
          "pythoneda-shared-pythoneda-application",
          "pythoneda-shared-artifact-shared",
          "pythoneda-shared-pythoneda-domain"
        ],
        "stringtemplate3": "stringtemplate3_2"
      },
      "locked": {
        "lastModified": 1700547945,
        "narHash": "sha256-X2NHoW8o2S/Ly5TV+FEX/hsczUym4ywuGv5i7ETPEUg=",
        "owner": "pythoneda-shared-nix-flake-def",
        "repo": "shared",
        "rev": "52f9b847dc032d3da5871006a43c50e6a3f96bb9",
        "type": "github"
      },
      "original": {
        "owner": "pythoneda-shared-nix-flake-def",
        "ref": "0.0.8",
        "repo": "shared",
        "type": "github"
      }
    },
    "pythoneda-shared-pythoneda-application": {
      "inputs": {
        "flake-utils": [
          "flake-utils"
        ],
        "nixos": [
          "nixos"
        ],
        "pythoneda-shared-artifact-shared": "pythoneda-shared-artifact-shared",
        "pythoneda-shared-pythoneda-banner": [
          "pythoneda-shared-pythoneda-banner"
        ],
        "pythoneda-shared-pythoneda-domain": [
          "pythoneda-shared-pythoneda-domain"
        ],
        "pythoneda-shared-pythoneda-infrastructure": "pythoneda-shared-pythoneda-infrastructure"
      },
      "locked": {
        "lastModified": 1701076502,
        "narHash": "sha256-NNnMncroMBll9uKT7QgiroO1x48k6la8BMOVAJqvziM=",
        "owner": "pythoneda-shared-pythoneda-def",
        "repo": "application",
        "rev": "76e6c34e48ce25ff1d4cdeb30f9e6619562f782f",
        "type": "github"
      },
      "original": {
        "owner": "pythoneda-shared-pythoneda-def",
        "ref": "0.0.10",
        "repo": "application",
        "type": "github"
      }
    },
    "pythoneda-shared-pythoneda-banner": {
      "inputs": {
        "flake-utils": [
          "flake-utils"
        ],
        "nixos": [
          "nixos"
        ]
      },
      "locked": {
        "lastModified": 1701020027,
        "narHash": "sha256-OkyhNvsLKizJXCid+JZlwARIAVXxAAQlJQ0rjhnD9JE=",
        "owner": "pythoneda-shared-pythoneda-def",
        "repo": "banner",
        "rev": "99a0831b809acd8eec645ec53d11b1fcd16aa6d6",
        "type": "github"
      },
      "original": {
        "owner": "pythoneda-shared-pythoneda-def",
        "ref": "0.0.27",
        "repo": "banner",
        "type": "github"
      }
    },
    "pythoneda-shared-pythoneda-domain": {
      "inputs": {
        "flake-utils": [
          "flake-utils"
        ],
        "nixos": [
          "nixos"
        ],
        "pythoneda-shared-pythoneda-banner": [
          "pythoneda-shared-pythoneda-banner"
        ]
      },
      "locked": {
        "lastModified": 1700544073,
        "narHash": "sha256-Puluhb1WL+SymP/HDuYnZ4jMc5/GBwRXxV/mQb2Gjmw=",
        "owner": "pythoneda-shared-pythoneda-def",
        "repo": "domain",
        "rev": "1c1a504f9122ee560959019d721e9a83bc0cae6e",
        "type": "github"
      },
      "original": {
        "owner": "pythoneda-shared-pythoneda-def",
        "ref": "0.0.2",
        "repo": "domain",
        "type": "github"
      }
    },
    "pythoneda-shared-pythoneda-infrastructure": {
      "inputs": {
        "flake-utils": [
          "pythoneda-shared-pythoneda-application",
          "flake-utils"
        ],
        "nixos": [
          "pythoneda-shared-pythoneda-application",
          "nixos"
        ],
        "pythoneda-shared-pythoneda-banner": [
          "pythoneda-shared-pythoneda-application",
          "pythoneda-shared-pythoneda-banner"
        ],
        "pythoneda-shared-pythoneda-domain": [
          "pythoneda-shared-pythoneda-application",
          "pythoneda-shared-pythoneda-domain"
        ]
      },
      "locked": {
        "lastModified": 1700545993,
        "narHash": "sha256-V325DmeGt6EKEui+YNKbAAU9h2+V+FT+HcWTWtjvMq4=",
        "owner": "pythoneda-shared-pythoneda-def",
        "repo": "infrastructure",
        "rev": "7e44a512fec05a6bbd4894204e2c572f8cf32ee3",
        "type": "github"
      },
      "original": {
        "owner": "pythoneda-shared-pythoneda-def",
        "ref": "0.0.1",
        "repo": "infrastructure",
        "type": "github"
      }
    },
    "root": {
      "inputs": {
        "flake-utils": "flake-utils",
        "nixos": "nixos",
        "pythoneda-shared-git-shared": "pythoneda-shared-git-shared",
        "pythoneda-shared-nix-flake-shared": "pythoneda-shared-nix-flake-shared",
        "pythoneda-shared-pythoneda-application": "pythoneda-shared-pythoneda-application",
        "pythoneda-shared-pythoneda-banner": "pythoneda-shared-pythoneda-banner",
        "pythoneda-shared-pythoneda-domain": "pythoneda-shared-pythoneda-domain",
        "stringtemplate3": "stringtemplate3_3"
      }
    },
    "stringtemplate3": {
      "inputs": {
        "flake-utils": [
          "pythoneda-shared-nix-flake-shared",
          "flake-utils"
        ],
        "nixos": [
          "pythoneda-shared-nix-flake-shared",
          "nixos"
        ]
      },
      "locked": {
        "dir": "stringtemplate3",
        "lastModified": 1695028695,
        "narHash": "sha256-nEyAQq8IJ8Cn8Rnf0jOqfhQ9ya6qtbmf5vuhsDN+KKw=",
        "owner": "rydnr",
        "repo": "nix-flakes",
        "rev": "81e0f7168b7d949c1e1f85897645cba7be7f325c",
        "type": "github"
      },
      "original": {
        "dir": "stringtemplate3",
        "owner": "rydnr",
        "ref": "stringtemplate3-3.1",
        "repo": "nix-flakes",
        "type": "github"
      }
    },
    "stringtemplate3_2": {
      "inputs": {
        "flake-utils": [
          "pythoneda-shared-pythoneda-application",
          "pythoneda-shared-artifact-shared",
          "pythoneda-shared-nix-flake-shared",
          "flake-utils"
        ],
        "nixos": [
          "pythoneda-shared-pythoneda-application",
          "pythoneda-shared-artifact-shared",
          "pythoneda-shared-nix-flake-shared",
          "nixos"
        ]
      },
      "locked": {
        "dir": "stringtemplate3",
        "lastModified": 1695028695,
        "narHash": "sha256-nEyAQq8IJ8Cn8Rnf0jOqfhQ9ya6qtbmf5vuhsDN+KKw=",
        "owner": "rydnr",
        "repo": "nix-flakes",
        "rev": "81e0f7168b7d949c1e1f85897645cba7be7f325c",
        "type": "github"
      },
      "original": {
        "dir": "stringtemplate3",
        "owner": "rydnr",
        "ref": "stringtemplate3-3.1",
        "repo": "nix-flakes",
        "type": "github"
      }
    },
    "stringtemplate3_3": {
      "inputs": {
        "flake-utils": [
          "flake-utils"
        ],
        "nixos": [
          "nixos"
        ]
      },
      "locked": {
        "dir": "stringtemplate3",
        "lastModified": 1695028695,
        "narHash": "sha256-nEyAQq8IJ8Cn8Rnf0jOqfhQ9ya6qtbmf5vuhsDN+KKw=",
        "owner": "rydnr",
        "repo": "nix-flakes",
        "rev": "81e0f7168b7d949c1e1f85897645cba7be7f325c",
        "type": "github"
      },
      "original": {
        "dir": "stringtemplate3",
        "owner": "rydnr",
        "ref": "stringtemplate3-3.1",
        "repo": "nix-flakes",
        "type": "github"
      }
    }
  },
  "root": "root",
  "version": 7
}
